
Microsoft Visual Studio Solution File, Format Version 12.00
# Visual Studio Version 17
VisualStudioVersion = 17.8.34316.72
MinimumVisualStudioVersion = 10.0.40219.1
Project("{FAE04EC0-301F-11D3-BF4B-00C04F79EFBC}") = "Operator", "Operator\Operator.csproj", "{E391584C-3F2E-49BC-865D-E2FC39FFC0F6}"
EndProject
Global
	GlobalSection(SolutionConfigurationPlatforms) = preSolution
		Debug|Any CPU = Debug|Any CPU
		Release|Any CPU = Release|Any CPU
	EndGlobalSection
	GlobalSection(ProjectConfigurationPlatforms) = postSolution
		{E391584C-3F2E-49BC-865D-E2FC39FFC0F6}.Debug|Any CPU.ActiveCfg = Debug|Any CPU
		{E391584C-3F2E-49BC-865D-E2FC39FFC0F6}.Debug|Any CPU.Build.0 = Debug|Any CPU
		{E391584C-3F2E-49BC-865D-E2FC39FFC0F6}.Release|Any CPU.ActiveCfg = Release|Any CPU
		{E391584C-3F2E-49BC-865D-E2FC39FFC0F6}.Release|Any CPU.Build.0 = Release|Any CPU
	EndGlobalSection
	GlobalSection(SolutionProperties) = preSolution
		HideSolutionNode = FALSE
	EndGlobalSection
	GlobalSection(ExtensibilityGlobals) = postSolution
		SolutionGuid = {37D28C9A-BAE7-4416-AC3F-4F6CC80573E4}
	EndGlobalSection
EndGlobal
